
Microsoft Visual Studio Solution File, Format Version 12.00
# Visual Studio Version 17
VisualStudioVersion = 17.8.34525.116
MinimumVisualStudioVersion = 10.0.40219.1
Project("{FAE04EC0-301F-11D3-BF4B-00C04F79EFBC}") = "homework1", "homework1\homework1.csproj", "{449ABEBF-9958-4CAB-87D6-EFC4977A6D38}"
EndProject
Global
	GlobalSection(SolutionConfigurationPlatforms) = preSolution
		Debug|Any CPU = Debug|Any CPU
		Release|Any CPU = Release|Any CPU
	EndGlobalSection
	GlobalSection(ProjectConfigurationPlatforms) = postSolution
		{449ABEBF-9958-4CAB-87D6-EFC4977A6D38}.Debug|Any CPU.ActiveCfg = Debug|Any CPU
		{449ABEBF-9958-4CAB-87D6-EFC4977A6D38}.Debug|Any CPU.Build.0 = Debug|Any CPU
		{449ABEBF-9958-4CAB-87D6-EFC4977A6D38}.Release|Any CPU.ActiveCfg = Release|Any CPU
		{449ABEBF-9958-4CAB-87D6-EFC4977A6D38}.Release|Any CPU.Build.0 = Release|Any CPU
	EndGlobalSection
	GlobalSection(SolutionProperties) = preSolution
		HideSolutionNode = FALSE
	EndGlobalSection
	GlobalSection(ExtensibilityGlobals) = postSolution
		SolutionGuid = {A25B7894-CA8E-40BA-9931-2241EB918C7B}
	EndGlobalSection
EndGlobal
